%{"conform": {:hex, :conform, "0.11.0"},
  "cowboy": {:hex, :cowboy, "1.0.0"},
  "cowlib": {:hex, :cowlib, "1.0.0"},
  "eredis": {:git, "git://github.com/wooga/eredis.git", "3c9dfc5cf4e2cd79276b138692d63d3b1d298a52", []},
  "exactor": {:hex, :exactor, "2.0.1"},
  "exrm": {:hex, :exrm, "0.14.16"},
  "phoenix": {:hex, :phoenix, "0.11.0"},
  "plug": {:hex, :plug, "0.11.3"},
  "poison": {:hex, :poison, "1.3.1"},
  "poolboy": {:hex, :poolboy, "1.4.2"},
  "ranch": {:hex, :ranch, "1.0.0"},
  "uuid": {:hex, :uuid, "0.1.5"}}
